lockfileVersion: '9.0'

settings:
  autoInstallPeers: true
  excludeLinksFromLockfile: false

importers:

  .:
    devDependencies:
      turbo:
        specifier: ^2.0.14
        version: 2.8.20

  apps/bot-gateway:
    dependencies:
      '@redbot/db':
        specifier: workspace:*
        version: link:../../packages/db
      '@redbot/shared':
        specifier: workspace:*
        version: link:../../packages/shared
      bullmq:
        specifier: ^5.16.0
        version: 5.71.1
      discord.js:
        specifier: ^14.16.3
        version: 14.25.1
      ioredis:
        specifier: ^5.4.1
        version: 5.10.1
      shoukaku:
        specifier: ^4.1.1
        version: 4.3.0
    devDependencies:
      '@types/node':
        specifier: ^22.7.4
        version: 22.19.15
      rimraf:
        specifier: ^6.0.1
        version: 6.1.3
      tsx:
        specifier: ^4.19.1
        version: 4.21.0
      typescript:
        specifier: ^5.6.3
        version: 5.9.3

  apps/web:
    dependencies:
      '@next-auth/prisma-adapter':
        specifier: ^1.0.7
        version: 1.0.7(@prisma/client@5.22.0(prisma@5.22.0))(next-auth@4.24.13(next@14.2.13(react-dom@18.3.1(react@18.3.1))(react@18.3.1))(react-dom@18.3.1(react@18.3.1))(react@18.3.1))
      '@redbot/db':
        specifier: workspace:*
        version: link:../../packages/db
      '@redbot/shared':
        specifier: workspace:*
        version: link:../../packages/shared
      ioredis:
        specifier: ^5.4.1
        version: 5.10.1
      next:
        specifier: 14.2.13
        version: 14.2.13(react-dom@18.3.1(react@18.3.1))(react@18.3.1)
      next-auth:
        specifier: 4.24.13
        version: 4.24.13(next@14.2.13(react-dom@18.3.1(react@18.3.1))(react@18.3.1))(react-dom@18.3.1(react@18.3.1))(react@18.3.1)
      react:
        specifier: 18.3.1
        version: 18.3.1
      react-dom:
        specifier: 18.3.1
        version: 18.3.1(react@18.3.1)
    devDependencies:
      '@types/node':
        specifier: ^22.7.4
        version: 22.19.15
      '@types/react':
        specifier: ^18.3.11
        version: 18.3.28
      '@types/react-dom':
        specifier: ^18.3.1
        version: 18.3.7(@types/react@18.3.28)
      rimraf:
        specifier: ^6.0.1
        version: 6.1.3
      typescript:
        specifier: ^5.6.3
        version: 5.9.3

  apps/worker:
    dependencies:
      '@redbot/db':
        specifier: workspace:*
        version: link:../../packages/db
      '@redbot/shared':
        specifier: workspace:*
        version: link:../../packages/shared
      bullmq:
        specifier: ^5.16.0
        version: 5.71.1
      ioredis:
        specifier: ^5.4.1
        version: 5.10.1
    devDependencies:
      '@types/node':
        specifier: ^22.7.4
        version: 22.19.15
      rimraf:
        specifier: ^6.0.1
        version: 6.1.3
      tsx:
        specifier: ^4.19.1
        version: 4.21.0
      typescript:
        specifier: ^5.6.3
        version: 5.9.3

  packages/db:
    dependencies:
      '@prisma/client':
        specifier: ^5.20.0
        version: 5.22.0(prisma@5.22.0)
    devDependencies:
      '@types/node':
        specifier: ^22.7.4
        version: 22.19.15
      prisma:
        specifier: ^5.20.0
        version: 5.22.0
      rimraf:
        specifier: ^6.0.1
        version: 6.1.3
      typescript:
        specifier: ^5.6.3
        version: 5.9.3

  packages/shared:
    devDependencies:
      '@types/node':
        specifier: ^22.7.4
        version: 22.19.15
      rimraf:
        specifier: ^6.0.1
        version: 6.1.3
      typescript:
        specifier: ^5.6.3
        version: 5.9.3

packages:

  '@babel/runtime@7.29.2':
    resolution: {integrity: sha512-JiDShH45zKHWyGe4ZNVRrCjBz8Nh9TMmZG1kh4QTK8hCBTWBi8Da+i7s1fJw7/lYpM4ccepSNfqzZ/QvABBi5g==}
    engines: {node: '>=6.9.0'}

  '@discordjs/builders@1.14.0':
    resolution: {integrity: sha512-7pVKxVWkeLUtrTo9nTYkjRcJk0Hlms6lYervXAD7E7+K5lil9ms2JrEB1TalMiHvQMh7h1HJZ4fCJa0/vHpl4w==}
    engines: {node: '>=16.11.0'}

  '@discordjs/collection@1.5.3':
    resolution: {integrity: sha512-SVb428OMd3WO1paV3rm6tSjM4wC+Kecaa1EUGX7vc6/fddvw/6lg90z4QtCqm21zvVe92vMMDt9+DkIvjXImQQ==}
    engines: {node: '>=16.11.0'}

  '@discordjs/collection@2.1.1':
    resolution: {integrity: sha512-LiSusze9Tc7qF03sLCujF5iZp7K+vRNEDBZ86FT9aQAv3vxMLihUvKvpsCWiQ2DJq1tVckopKm1rxomgNUc9hg==}
    engines: {node: '>=18'}

  '@discordjs/formatters@0.6.2':
    resolution: {integrity: sha512-y4UPwWhH6vChKRkGdMB4odasUbHOUwy7KL+OVwF86PvT6QVOwElx+TiI1/6kcmcEe+g5YRXJFiXSXUdabqZOvQ==}
    engines: {node: '>=16.11.0'}

  '@discordjs/rest@2.6.1':
    resolution: {integrity: sha512-wwQdgjeaoYFiaG+atbqx6aJDpqW7JHAo0HrQkBTbYzM3/PJ3GweQIpgElNcGZ26DCUOXMyawYd0YF7vtr+fZXg==}
    engines: {node: '>=18'}

  '@discordjs/util@1.2.0':
    resolution: {integrity: sha512-3LKP7F2+atl9vJFhaBjn4nOaSWahZ/yWjOvA4e5pnXkt2qyXRCHLxoBQy81GFtLGCq7K9lPm9R517M1U+/90Qg==}
    engines: {node: '>=18'}

  '@discordjs/ws@1.2.3':
    resolution: {integrity: sha512-wPlQDxEmlDg5IxhJPuxXr3Vy9AjYq5xCvFWGJyD7w7Np8ZGu+Mc+97LCoEc/+AYCo2IDpKioiH0/c/mj5ZR9Uw==}
    engines: {node: '>=16.11.0'}

  '@esbuild/aix-ppc64@0.27.4':
    resolution: {integrity: sha512-cQPwL2mp2nSmHHJlCyoXgHGhbEPMrEEU5xhkcy3Hs/O7nGZqEpZ2sUtLaL9MORLtDfRvVl2/3PAuEkYZH0Ty8Q==}
    engines: {node: '>=18'}
    cpu: [ppc64]
    os: [aix]

  '@esbuild/android-arm64@0.27.4':
    resolution: {integrity: sha512-gdLscB7v75wRfu7QSm/zg6Rx29VLdy9eTr2t44sfTW7CxwAtQghZ4ZnqHk3/ogz7xao0QAgrkradbBzcqFPasw==}
    engines: {node: '>=18'}
    cpu: [arm64]
    os: [android]

  '@esbuild/android-arm@0.27.4':
    resolution: {integrity: sha512-X9bUgvxiC8CHAGKYufLIHGXPJWnr0OCdR0anD2e21vdvgCI8lIfqFbnoeOz7lBjdrAGUhqLZLcQo6MLhTO2DKQ==}
    engines: {node: '>=18'}
    cpu: [arm]
    os: [android]

  '@esbuild/android-x64@0.27.4':
    resolution: {integrity: sha512-PzPFnBNVF292sfpfhiyiXCGSn9HZg5BcAz+ivBuSsl6Rk4ga1oEXAamhOXRFyMcjwr2DVtm40G65N3GLeH1Lvw==}
    engines: {node: '>=18'}
    cpu: [x64]
    os: [android]

  '@esbuild/darwin-arm64@0.27.4':
    resolution: {integrity: sha512-b7xaGIwdJlht8ZFCvMkpDN6uiSmnxxK56N2GDTMYPr2/gzvfdQN8rTfBsvVKmIVY/X7EM+/hJKEIbbHs9oA4tQ==}
    engines: {node: '>=18'}
    cpu: [arm64]
    os: [darwin]

  '@esbuild/darwin-x64@0.27.4':
    resolution: {integrity: sha512-sR+OiKLwd15nmCdqpXMnuJ9W2kpy0KigzqScqHI3Hqwr7IXxBp3Yva+yJwoqh7rE8V77tdoheRYataNKL4QrPw==}
    engines: {node: '>=18'}
    cpu: [x64]
    os: [darwin]

  '@esbuild/freebsd-arm64@0.27.4':
    resolution: {integrity: sha512-jnfpKe+p79tCnm4GVav68A7tUFeKQwQyLgESwEAUzyxk/TJr4QdGog9sqWNcUbr/bZt/O/HXouspuQDd9JxFSw==}
    engines: {node: '>=18'}
    cpu: [arm64]
    os: [freebsd]

  '@esbuild/freebsd-x64@0.27.4':
    resolution: {integrity: sha512-2kb4ceA/CpfUrIcTUl1wrP/9ad9Atrp5J94Lq69w7UwOMolPIGrfLSvAKJp0RTvkPPyn6CIWrNy13kyLikZRZQ==}
    engines: {node: '>=18'}
    cpu: [x64]
    os: [freebsd]

  '@esbuild/linux-arm64@0.27.4':
    resolution: {integrity: sha512-7nQOttdzVGth1iz57kxg9uCz57dxQLHWxopL6mYuYthohPKEK0vU0C3O21CcBK6KDlkYVcnDXY099HcCDXd9dA==}
    engines: {node: '>=18'}
    cpu: [arm64]
    os: [linux]

  '@esbuild/linux-arm@0.27.4':
    resolution: {integrity: sha512-aBYgcIxX/wd5n2ys0yESGeYMGF+pv6g0DhZr3G1ZG4jMfruU9Tl1i2Z+Wnj9/KjGz1lTLCcorqE2viePZqj4Eg==}
    engines: {node: '>=18'}
    cpu: [arm]
    os: [linux]

  '@esbuild/linux-ia32@0.27.4':
    resolution: {integrity: sha512-oPtixtAIzgvzYcKBQM/qZ3R+9TEUd1aNJQu0HhGyqtx6oS7qTpvjheIWBbes4+qu1bNlo2V4cbkISr8q6gRBFA==}
    engines: {node: '>=18'}
    cpu: [ia32]
    os: [linux]

  '@esbuild/linux-loong64@0.27.4':
    resolution: {integrity: sha512-8mL/vh8qeCoRcFH2nM8wm5uJP+ZcVYGGayMavi8GmRJjuI3g1v6Z7Ni0JJKAJW+m0EtUuARb6Lmp4hMjzCBWzA==}
    engines: {node: '>=18'}
    cpu: [loong64]
    os: [linux]

  '@esbuild/linux-mips64el@0.27.4':
    resolution: {integrity: sha512-1RdrWFFiiLIW7LQq9Q2NES+HiD4NyT8Itj9AUeCl0IVCA459WnPhREKgwrpaIfTOe+/2rdntisegiPWn/r/aAw==}
    engines: {node: '>=18'}
    cpu: [mips64el]
    os: [linux]

  '@esbuild/linux-ppc64@0.27.4':
    resolution: {integrity: sha512-tLCwNG47l3sd9lpfyx9LAGEGItCUeRCWeAx6x2Jmbav65nAwoPXfewtAdtbtit/pJFLUWOhpv0FpS6GQAmPrHA==}
    engines: {node: '>=18'}
    cpu: [ppc64]
    os: [linux]

  '@esbuild/linux-riscv64@0.27.4':
    resolution: {integrity: sha512-BnASypppbUWyqjd1KIpU4AUBiIhVr6YlHx/cnPgqEkNoVOhHg+YiSVxM1RLfiy4t9cAulbRGTNCKOcqHrEQLIw==}
    engines: {node: '>=18'}
    cpu: [riscv64]
    os: [linux]

  '@esbuild/linux-s390x@0.27.4':
    resolution: {integrity: sha512-+eUqgb/Z7vxVLezG8bVB9SfBie89gMueS+I0xYh2tJdw3vqA/0ImZJ2ROeWwVJN59ihBeZ7Tu92dF/5dy5FttA==}
    engines: {node: '>=18'}
    cpu: [s390x]
    os: [linux]

  '@esbuild/linux-x64@0.27.4':
    resolution: {integrity: sha512-S5qOXrKV8BQEzJPVxAwnryi2+Iq5pB40gTEIT69BQONqR7JH1EPIcQ/Uiv9mCnn05jff9umq/5nqzxlqTOg9NA==}
    engines: {node: '>=18'}
    cpu: [x64]
    os: [linux]

  '@esbuild/netbsd-arm64@0.27.4':
    resolution: {integrity: sha512-xHT8X4sb0GS8qTqiwzHqpY00C95DPAq7nAwX35Ie/s+LO9830hrMd3oX0ZMKLvy7vsonee73x0lmcdOVXFzd6Q==}
    engines: {node: '>=18'}
    cpu: [arm64]
    os: [netbsd]

  '@esbuild/netbsd-x64@0.27.4':
    resolution: {integrity: sha512-RugOvOdXfdyi5Tyv40kgQnI0byv66BFgAqjdgtAKqHoZTbTF2QqfQrFwa7cHEORJf6X2ht+l9ABLMP0dnKYsgg==}
    engines: {node: '>=18'}
    cpu: [x64]
    os: [netbsd]

  '@esbuild/openbsd-arm64@0.27.4':
    resolution: {integrity: sha512-2MyL3IAaTX+1/qP0O1SwskwcwCoOI4kV2IBX1xYnDDqthmq5ArrW94qSIKCAuRraMgPOmG0RDTA74mzYNQA9ow==}
    engines: {node: '>=18'}
    cpu: [arm64]
    os: [openbsd]

  '@esbuild/openbsd-x64@0.27.4':
    resolution: {integrity: sha512-u8fg/jQ5aQDfsnIV6+KwLOf1CmJnfu1ShpwqdwC0uA7ZPwFws55Ngc12vBdeUdnuWoQYx/SOQLGDcdlfXhYmXQ==}
    engines: {node: '>=18'}
    cpu: [x64]
    os: [openbsd]

  '@esbuild/openharmony-arm64@0.27.4':
    resolution: {integrity: sha512-JkTZrl6VbyO8lDQO3yv26nNr2RM2yZzNrNHEsj9bm6dOwwu9OYN28CjzZkH57bh4w0I2F7IodpQvUAEd1mbWXg==}
    engines: {node: '>=18'}
    cpu: [arm64]
    os: [openharmony]

  '@esbuild/sunos-x64@0.27.4':
    resolution: {integrity: sha512-/gOzgaewZJfeJTlsWhvUEmUG4tWEY2Spp5M20INYRg2ZKl9QPO3QEEgPeRtLjEWSW8FilRNacPOg8R1uaYkA6g==}
    engines: {node: '>=18'}
    cpu: [x64]
    os: [sunos]

  '@esbuild/win32-arm64@0.27.4':
    resolution: {integrity: sha512-Z9SExBg2y32smoDQdf1HRwHRt6vAHLXcxD2uGgO/v2jK7Y718Ix4ndsbNMU/+1Qiem9OiOdaqitioZwxivhXYg==}
    engines: {node: '>=18'}
    cpu: [arm64]
    os: [win32]

  '@esbuild/win32-ia32@0.27.4':
    resolution: {integrity: sha512-DAyGLS0Jz5G5iixEbMHi5KdiApqHBWMGzTtMiJ72ZOLhbu/bzxgAe8Ue8CTS3n3HbIUHQz/L51yMdGMeoxXNJw==}
    engines: {node: '>=18'}
    cpu: [ia32]
    os: [win32]

  '@esbuild/win32-x64@0.27.4':
    resolution: {integrity: sha512-+knoa0BDoeXgkNvvV1vvbZX4+hizelrkwmGJBdT17t8FNPwG2lKemmuMZlmaNQ3ws3DKKCxpb4zRZEIp3UxFCg==}
    engines: {node: '>=18'}
    cpu: [x64]
    os: [win32]

  '@ioredis/commands@1.5.1':
    resolution: {integrity: sha512-JH8ZL/ywcJyR9MmJ5BNqZllXNZQqQbnVZOqpPQqE1vHiFgAw4NHbvE0FOduNU8IX9babitBT46571OnPTT0Zcw==}

  '@msgpackr-extract/msgpackr-extract-darwin-arm64@3.0.3':
    resolution: {integrity: sha512-QZHtlVgbAdy2zAqNA9Gu1UpIuI8Xvsd1v8ic6B2pZmeFnFcMWiPLfWXh7TVw4eGEZ/C9TH281KwhVoeQUKbyjw==}
    cpu: [arm64]
    os: [darwin]

  '@msgpackr-extract/msgpackr-extract-darwin-x64@3.0.3':
    resolution: {integrity: sha512-mdzd3AVzYKuUmiWOQ8GNhl64/IoFGol569zNRdkLReh6LRLHOXxU4U8eq0JwaD8iFHdVGqSy4IjFL4reoWCDFw==}
    cpu: [x64]
    os: [darwin]

  '@msgpackr-extract/msgpackr-extract-linux-arm64@3.0.3':
    resolution: {integrity: sha512-YxQL+ax0XqBJDZiKimS2XQaf+2wDGVa1enVRGzEvLLVFeqa5kx2bWbtcSXgsxjQB7nRqqIGFIcLteF/sHeVtQg==}
    cpu: [arm64]
    os: [linux]

  '@msgpackr-extract/msgpackr-extract-linux-arm@3.0.3':
    resolution: {integrity: sha512-fg0uy/dG/nZEXfYilKoRe7yALaNmHoYeIoJuJ7KJ+YyU2bvY8vPv27f7UKhGRpY6euFYqEVhxCFZgAUNQBM3nw==}
    cpu: [arm]
    os: [linux]

  '@msgpackr-extract/msgpackr-extract-linux-x64@3.0.3':
    resolution: {integrity: sha512-cvwNfbP07pKUfq1uH+S6KJ7dT9K8WOE4ZiAcsrSes+UY55E/0jLYc+vq+DO7jlmqRb5zAggExKm0H7O/CBaesg==}
    cpu: [x64]
    os: [linux]

  '@msgpackr-extract/msgpackr-extract-win32-x64@3.0.3':
    resolution: {integrity: sha512-x0fWaQtYp4E6sktbsdAqnehxDgEc/VwM7uLsRCYWaiGu0ykYdZPiS8zCWdnjHwyiumousxfBm4SO31eXqwEZhQ==}
    cpu: [x64]
    os: [win32]

  '@next-auth/prisma-adapter@1.0.7':
    resolution: {integrity: sha512-Cdko4KfcmKjsyHFrWwZ//lfLUbcLqlyFqjd/nYE2m3aZ7tjMNUjpks47iw7NTCnXf+5UWz5Ypyt1dSs1EP5QJw==}
    peerDependencies:
      '@prisma/client': '>=2.26.0 || >=3'
      next-auth: ^4

  '@next/env@14.2.13':
    resolution: {integrity: sha512-s3lh6K8cbW1h5Nga7NNeXrbe0+2jIIYK9YaA9T7IufDWnZpozdFUp6Hf0d5rNWUKu4fEuSX2rCKlGjCrtylfDw==}

  '@next/swc-darwin-arm64@14.2.13':
    resolution: {integrity: sha512-IkAmQEa2Htq+wHACBxOsslt+jMoV3msvxCn0WFSfJSkv/scy+i/EukBKNad36grRxywaXUYJc9mxEGkeIs8Bzg==}
    engines: {node: '>= 10'}
    cpu: [arm64]
    os: [darwin]

  '@next/swc-darwin-x64@14.2.13':
    resolution: {integrity: sha512-Dv1RBGs2TTjkwEnFMVL5XIfJEavnLqqwYSD6LXgTPdEy/u6FlSrLBSSfe1pcfqhFEXRAgVL3Wpjibe5wXJzWog==}
    engines: {node: '>= 10'}
    cpu: [x64]
    os: [darwin]

  '@next/swc-linux-arm64-gnu@14.2.13':
    resolution: {integrity: sha512-yB1tYEFFqo4ZNWkwrJultbsw7NPAAxlPXURXioRl9SdW6aIefOLS+0TEsKrWBtbJ9moTDgU3HRILL6QBQnMevg==}
    engines: {node: '>= 10'}
    cpu: [arm64]
    os: [linux]

  '@next/swc-linux-arm64-musl@14.2.13':
    resolution: {integrity: sha512-v5jZ/FV/eHGoWhMKYrsAweQ7CWb8xsWGM/8m1mwwZQ/sutJjoFaXchwK4pX8NqwImILEvQmZWyb8pPTcP7htWg==}
    engines: {node: '>= 10'}
    cpu: [arm64]
    os: [linux]

  '@next/swc-linux-x64-gnu@14.2.13':
    resolution: {integrity: sha512-aVc7m4YL7ViiRv7SOXK3RplXzOEe/qQzRA5R2vpXboHABs3w8vtFslGTz+5tKiQzWUmTmBNVW0UQdhkKRORmGA==}
    engines: {node: '>= 10'}
    cpu: [x64]
    os: [linux]

  '@next/swc-linux-x64-musl@14.2.13':
    resolution: {integrity: sha512-4wWY7/OsSaJOOKvMsu1Teylku7vKyTuocvDLTZQq0TYv9OjiYYWt63PiE1nTuZnqQ4RPvME7Xai+9enoiN0Wrg==}
    engines: {node: '>= 10'}
    cpu: [x64]
    os: [linux]

  '@next/swc-win32-arm64-msvc@14.2.13':
    resolution: {integrity: sha512-uP1XkqCqV2NVH9+g2sC7qIw+w2tRbcMiXFEbMihkQ8B1+V6m28sshBwAB0SDmOe0u44ne1vFU66+gx/28RsBVQ==}
    engines: {node: '>= 10'}
    cpu: [arm64]
    os: [win32]

  '@next/swc-win32-ia32-msvc@14.2.13':
    resolution: {integrity: sha512-V26ezyjPqQpDBV4lcWIh8B/QICQ4v+M5Bo9ykLN+sqeKKBxJVDpEc6biDVyluTXTC40f5IqCU0ttth7Es2ZuMw==}
    engines: {node: '>= 10'}
    cpu: [ia32]
    os: [win32]

  '@next/swc-win32-x64-msvc@14.2.13':
    resolution: {integrity: sha512-WwzOEAFBGhlDHE5Z73mNU8CO8mqMNLqaG+AO9ETmzdCQlJhVtWZnOl2+rqgVQS+YHunjOWptdFmNfbpwcUuEsw==}
    engines: {node: '>= 10'}
    cpu: [x64]
    os: [win32]

  '@panva/hkdf@1.2.1':
    resolution: {integrity: sha512-6oclG6Y3PiDFcoyk8srjLfVKyMfVCKJ27JwNPViuXziFpmdz+MZnZN/aKY0JGXgYuO/VghU0jcOAZgWXZ1Dmrw==}

  '@prisma/client@5.22.0':
    resolution: {integrity: sha512-M0SVXfyHnQREBKxCgyo7sffrKttwE6R8PMq330MIUF0pTwjUhLbW84pFDlf06B27XyCR++VtjugEnIHdr07SVA==}
    engines: {node: '>=16.13'}
    peerDependencies:
      prisma: '*'
    peerDependenciesMeta:
      prisma:
        optional: true

  '@prisma/debug@5.22.0':
    resolution: {integrity: sha512-AUt44v3YJeggO2ZU5BkXI7M4hu9BF2zzH2iF2V5pyXT/lRTyWiElZ7It+bRH1EshoMRxHgpYg4VB6rCM+mG5jQ==}

  '@prisma/engines-version@5.22.0-44.605197351a3c8bdd595af2d2a9bc3025bca48ea2':
    resolution: {integrity: sha512-2PTmxFR2yHW/eB3uqWtcgRcgAbG1rwG9ZriSvQw+nnb7c4uCr3RAcGMb6/zfE88SKlC1Nj2ziUvc96Z379mHgQ==}

  '@prisma/engines@5.22.0':
    resolution: {integrity: sha512-UNjfslWhAt06kVL3CjkuYpHAWSO6L4kDCVPegV6itt7nD1kSJavd3vhgAEhjglLJJKEdJ7oIqDJ+yHk6qO8gPA==}

  '@prisma/fetch-engine@5.22.0':
    resolution: {integrity: sha512-bkrD/Mc2fSvkQBV5EpoFcZ87AvOgDxbG99488a5cexp5Ccny+UM6MAe/UFkUC0wLYD9+9befNOqGiIJhhq+HbA==}

  '@prisma/get-platform@5.22.0':
    resolution: {integrity: sha512-pHhpQdr1UPFpt+zFfnPazhulaZYCUqeIcPpJViYoq9R+D/yw4fjE+CtnsnKzPYm0ddUbeXUzjGVGIRVgPDCk4Q==}

  '@sapphire/async-queue@1.5.5':
    resolution: {integrity: sha512-cvGzxbba6sav2zZkH8GPf2oGk9yYoD5qrNWdu9fRehifgnFZJMV+nuy2nON2roRO4yQQ+v7MK/Pktl/HgfsUXg==}
    engines: {node: '>=v14.0.0', npm: '>=7.0.0'}

  '@sapphire/shapeshift@4.0.0':
    resolution: {integrity: sha512-d9dUmWVA7MMiKobL3VpLF8P2aeanRTu6ypG2OIaEv/ZHH/SUQ2iHOVyi5wAPjQ+HmnMuL0whK9ez8I/raWbtIg==}
    engines: {node: '>=v16'}

  '@sapphire/snowflake@3.5.3':
    resolution: {integrity: sha512-jjmJywLAFoWeBi1W7994zZyiNWPIiqRRNAmSERxyg93xRGzNYvGjlZ0gR6x0F4gPRi2+0O6S71kOZYyr3cxaIQ==}
    engines: {node: '>=v14.0.0', npm: '>=7.0.0'}

  '@sapphire/snowflake@3.5.5':
    resolution: {integrity: sha512-xzvBr1Q1c4lCe7i6sRnrofxeO1QTP/LKQ6A6qy0iB4x5yfiSfARMEQEghojzTNALDTcv8En04qYNIco9/K9eZQ==}
    engines: {node: '>=v14.0.0', npm: '>=7.0.0'}

  '@swc/counter@0.1.3':
    resolution: {integrity: sha512-e2BR4lsJkkRlKZ/qCHPw9ZaSxc0MVUd7gtbtaB7aMvHeJVYe8sOB8DBZkP2DtISHGSku9sCK6T6cnY0CtXrOCQ==}

  '@swc/helpers@0.5.5':
    resolution: {integrity: sha512-KGYxvIOXcceOAbEk4bi/dVLEK9z8sZ0uBB3Il5b1rhfClSpcX0yfRO0KmTkqR2cnQDymwLB+25ZyMzICg/cm/A==}

  '@turbo/darwin-64@2.8.20':
    resolution: {integrity: sha512-FQ9EX1xMU5nbwjxXxM3yU88AQQ6Sqc6S44exPRroMcx9XZHqqppl5ymJF0Ig/z3nvQNwDmz1Gsnvxubo+nXWjQ==}
    cpu: [x64]
    os: [darwin]

  '@turbo/darwin-arm64@2.8.20':
    resolution: {integrity: sha512-Gpyh9ATFGThD6/s9L95YWY54cizg/VRWl2B67h0yofG8BpHf67DFAh9nuJVKG7bY0+SBJDAo5cMur+wOl9YOYw==}
    cpu: [arm64]
    os: [darwin]

  '@turbo/linux-64@2.8.20':
    resolution: {integrity: sha512-p2QxWUYyYUgUFG0b0kR+pPi8t7c9uaVlRtjTTI1AbCvVqkpjUfCcReBn6DgG/Hu8xrWdKLuyQFaLYFzQskZbcA==}
    cpu: [x64]
    os: [linux]

  '@turbo/linux-arm64@2.8.20':
    resolution: {integrity: sha512-Gn5yjlZGLRZWarLWqdQzv0wMqyBNIdq1QLi48F1oY5Lo9kiohuf7BPQWtWxeNVS2NgJ1+nb/DzK1JduYC4AWOA==}
    cpu: [arm64]
    os: [linux]

  '@turbo/windows-64@2.8.20':
    resolution: {integrity: sha512-vyaDpYk/8T6Qz5V/X+ihKvKFEZFUoC0oxYpC1sZanK6gaESJlmV3cMRT3Qhcg4D2VxvtC2Jjs9IRkrZGL+exLw==}
    cpu: [x64]
    os: [win32]

  '@turbo/windows-arm64@2.8.20':
    resolution: {integrity: sha512-voicVULvUV5yaGXo0Iue13BcHGYW3u0VgqSbfQwBaHbpj1zLjYV4KIe+7fYIo6DO8FVUJzxFps3ODCQG/Wy2Qw==}
    cpu: [arm64]
    os: [win32]

  '@types/node@22.19.15':
    resolution: {integrity: sha512-F0R/h2+dsy5wJAUe3tAU6oqa2qbWY5TpNfL/RGmo1y38hiyO1w3x2jPtt76wmuaJI4DQnOBu21cNXQ2STIUUWg==}

  '@types/prop-types@15.7.15':
    resolution: {integrity: sha512-F6bEyamV9jKGAFBEmlQnesRPGOQqS2+Uwi0Em15xenOxHaf2hv6L8YCVn3rPdPJOiJfPiCnLIRyvwVaqMY3MIw==}

  '@types/react-dom@18.3.7':
    resolution: {integrity: sha512-MEe3UeoENYVFXzoXEWsvcpg6ZvlrFNlOQ7EOsvhI3CfAXwzPfO8Qwuxd40nepsYKqyyVQnTdEfv68q91yLcKrQ==}
    peerDependencies:
      '@types/react': ^18.0.0

  '@types/react@18.3.28':
    resolution: {integrity: sha512-z9VXpC7MWrhfWipitjNdgCauoMLRdIILQsAEV+ZesIzBq/oUlxk0m3ApZuMFCXdnS4U7KrI+l3WRUEGQ8K1QKw==}

  '@types/ws@8.18.1':
    resolution: {integrity: sha512-ThVF6DCVhA8kUGy+aazFQ4kXQ7E1Ty7A3ypFOe0IcJV8O/M511G99AW24irKrW56Wt44yG9+ij8FaqoBGkuBXg==}

  '@vladfrangu/async_event_emitter@2.4.7':
    resolution: {integrity: sha512-Xfe6rpCTxSxfbswi/W/Pz7zp1WWSNn4A0eW4mLkQUewCrXXtMj31lCg+iQyTkh/CkusZSq9eDflu7tjEDXUY6g==}
    engines: {node: '>=v14.0.0', npm: '>=7.0.0'}

  balanced-match@4.0.4:
    resolution: {integrity: sha512-BLrgEcRTwX2o6gGxGOCNyMvGSp35YofuYzw9h1IMTRmKqttAZZVU67bdb9Pr2vUHA8+j3i2tJfjO6C6+4myGTA==}
    engines: {node: 18 || 20 || >=22}

  brace-expansion@5.0.5:
    resolution: {integrity: sha512-VZznLgtwhn+Mact9tfiwx64fA9erHH/MCXEUfB/0bX/6Fz6ny5EGTXYltMocqg4xFAQZtnO3DHWWXi8RiuN7cQ==}
    engines: {node: 18 || 20 || >=22}

  bullmq@5.71.1:
    resolution: {integrity: sha512-kOBfdcsHmO6wwmIjpersoVdYQ7jkjTgky4Yop0loc7QwSdgxliSzD69U9ijZuRrkyCJwz5p5eqxeGeQkJ0YGZQ==}

  busboy@1.6.0:
    resolution: {integrity: sha512-8SFQbg/0hQ9xy3UNTB0YEnsNBbWfhf7RtnzpL7TkBiTBRfrQ9Fxcnz7VJsleJpyp6rVLvXiuORqjlHi5q+PYuA==}
    engines: {node: '>=10.16.0'}

  caniuse-lite@1.0.30001781:
    resolution: {integrity: sha512-RdwNCyMsNBftLjW6w01z8bKEvT6e/5tpPVEgtn22TiLGlstHOVecsX2KHFkD5e/vRnIE4EGzpuIODb3mtswtkw==}

  client-only@0.0.1:
    resolution: {integrity: sha512-IV3Ou0jSMzZrd3pZ48nLkT9DA7Ag1pnPzaiQhpW7c3RbcqqzvzzVu+L8gfqMp/8IM2MQtSiqaCxrrcfu8I8rMA==}

  cluster-key-slot@1.1.2:
    resolution: {integrity: sha512-RMr0FhtfXemyinomL4hrWcYJxmX6deFdCxpJzhDttxgO1+bcCnkk+9drydLVDmAMG7NE6aN/fl4F7ucU/90gAA==}
    engines: {node: '>=0.10.0'}

  cookie@0.7.2:
    resolution: {integrity: sha512-yki5XnKuf750l50uGTllt6kKILY4nQ1eNIQatoXEByZ5dWgnKqbnqmTrBE5B4N7lrMJKQ2ytWMiTO2o0v6Ew/w==}
    engines: {node: '>= 0.6'}

  cron-parser@4.9.0:
    resolution: {integrity: sha512-p0SaNjrHOnQeR8/VnfGbmg9te2kfyYSQ7Sc/j/6DtPL3JQvKxmjO9TSjNFpujqV3vEYYBvNNvXSxzyksBWAx1Q==}
    engines: {node: '>=12.0.0'}

  csstype@3.2.3:
    resolution: {integrity: sha512-z1HGKcYy2xA8AGQfwrn0PAy+PB7X/GSj3UVJW9qKyn43xWa+gl5nXmU4qqLMRzWVLFC8KusUX8T/0kCiOYpAIQ==}

  debug@4.4.3:
    resolution: {integrity: sha512-RGwwWnwQvkVfavKVt22FGLw+xYSdzARwm0ru6DhTVA3umU5hZc28V3kO4stgYryrTlLpuvgI9GiijltAjNbcqA==}
    engines: {node: '>=6.0'}
    peerDependencies:
      supports-color: '*'
    peerDependenciesMeta:
      supports-color:
        optional: true

  denque@2.1.0:
    resolution: {integrity: sha512-HVQE3AAb/pxF8fQAoiqpvg9i3evqug3hoiwakOyZAwJm+6vZehbkYXZ0l4JxS+I3QxM97v5aaRNhj8v5oBhekw==}
    engines: {node: '>=0.10'}

  detect-libc@2.1.2:
    resolution: {integrity: sha512-Btj2BOOO83o3WyH59e8MgXsxEQVcarkUOpEYrubB0urwnN10yQ364rsiByU11nZlqWYZm05i/of7io4mzihBtQ==}
    engines: {node: '>=8'}

  discord-api-types@0.38.42:
    resolution: {integrity: sha512-qs1kya7S84r5RR8m9kgttywGrmmoHaRifU1askAoi+wkoSefLpZP6aGXusjNw5b0jD3zOg3LTwUa3Tf2iHIceQ==}

  discord.js@14.25.1:
    resolution: {integrity: sha512-2l0gsPOLPs5t6GFZfQZKnL1OJNYFcuC/ETWsW4VtKVD/tg4ICa9x+jb9bkPffkMdRpRpuUaO/fKkHCBeiCKh8g==}
    engines: {node: '>=18'}

  esbuild@0.27.4:
    resolution: {integrity: sha512-Rq4vbHnYkK5fws5NF7MYTU68FPRE1ajX7heQ/8QXXWqNgqqJ/GkmmyxIzUnf2Sr/bakf8l54716CcMGHYhMrrQ==}
    engines: {node: '>=18'}
    hasBin: true

  fast-deep-equal@3.1.3:
    resolution: {integrity: sha512-f3qQ9oQy9j2AhBe/H9VC91wLmKBCCU/gDOnKNAYG5hswO7BLKj09Hc5HYNz9cGI++xlpDCIgDaitVs03ATR84Q==}

  fsevents@2.3.3:
    resolution: {integrity: sha512-5xoDfX+fL7faATnagmWPpbFtwh/R77WmMMqqHGS65C3vvB0YHrgF+B1YmZ3441tMj5n63k0212XNoJwzlhffQw==}
    engines: {node: ^8.16.0 || ^10.6.0 || >=11.0.0}
    os: [darwin]

  get-tsconfig@4.13.7:
    resolution: {integrity: sha512-7tN6rFgBlMgpBML5j8typ92BKFi2sFQvIdpAqLA2beia5avZDrMs0FLZiM5etShWq5irVyGcGMEA1jcDaK7A/Q==}

  glob@13.0.6:
    resolution: {integrity: sha512-Wjlyrolmm8uDpm/ogGyXZXb1Z+Ca2B8NbJwqBVg0axK9GbBeoS7yGV6vjXnYdGm6X53iehEuxxbyiKp8QmN4Vw==}
    engines: {node: 18 || 20 || >=22}

  graceful-fs@4.2.11:
    resolution: {integrity: sha512-RbJ5/jmFcNNCcDV5o9eTnBLJ/HszWV0P73bc+Ff4nS/rJj+YaS6IGyiOL0VoBYX+l1Wrl3k63h/KrH+nhJ0XvQ==}

  ioredis@5.10.1:
    resolution: {integrity: sha512-HuEDBTI70aYdx1v6U97SbNx9F1+svQKBDo30o0b9fw055LMepzpOOd0Ccg9Q6tbqmBSJaMuY0fB7yw9/vjBYCA==}
    engines: {node: '>=12.22.0'}

  jose@4.15.9:
    resolution: {integrity: sha512-1vUQX+IdDMVPj4k8kOxgUqlcK518yluMuGZwqlr44FS1ppZB/5GWh4rZG89erpOBOJjU/OBsnCVFfapsRz6nEA==}

  js-tokens@4.0.0:
    resolution: {integrity: sha512-RdJUflcE3cUzKiMqQgsCu06FPu9UdIJO0beYbPhHN4k6apgJtifcoCtT9bcxOpYBtpD2kCM6Sbzg4CausW/PKQ==}

  lodash.defaults@4.2.0:
    resolution: {integrity: sha512-qjxPLHd3r5DnsdGacqOMU6pb/avJzdh9tFX2ymgoZE27BmjXrNy/y4LoaiTeAb+O3gL8AfpJGtqfX/ae2leYYQ==}

  lodash.isarguments@3.1.0:
    resolution: {integrity: sha512-chi4NHZlZqZD18a0imDHnZPrDeBbTtVN7GXMwuGdRH9qotxAjYs3aVLKc7zNOG9eddR5Ksd8rvFEBc9SsggPpg==}

  lodash.snakecase@4.1.1:
    resolution: {integrity: sha512-QZ1d4xoBHYUeuouhEq3lk3Uq7ldgyFXGBhg04+oRLnIz8o9T65Eh+8YdroUwn846zchkA9yDsDl5CVVaV2nqYw==}

  lodash@4.17.23:
    resolution: {integrity: sha512-LgVTMpQtIopCi79SJeDiP0TfWi5CNEc/L/aRdTh3yIvmZXTnheWpKjSZhnvMl8iXbC1tFg9gdHHDMLoV7CnG+w==}

  loose-envify@1.4.0:
    resolution: {integrity: sha512-lyuxPGr/Wfhrlem2CL/UcnUc1zcqKAImBDzukY7Y5F/yQiNdko6+fRLevlw1HgMySw7f611UIY408EtxRSoK3Q==}
    hasBin: true

  lru-cache@11.2.7:
    resolution: {integrity: sha512-aY/R+aEsRelme17KGQa/1ZSIpLpNYYrhcrepKTZgE+W3WM16YMCaPwOHLHsmopZHELU0Ojin1lPVxKR0MihncA==}
    engines: {node: 20 || >=22}

  lru-cache@6.0.0:
    resolution: {integrity: sha512-Jo6dJ04CmSjuznwJSS3pUeWmd/H0ffTlkXXgwZi+eq1UCmqQwCh+eLsYOYCwY991i2Fah4h1BEMCx4qThGbsiA==}
    engines: {node: '>=10'}

  luxon@3.7.2:
    resolution: {integrity: sha512-vtEhXh/gNjI9Yg1u4jX/0YVPMvxzHuGgCm6tC5kZyb08yjGWGnqAjGJvcXbqQR2P3MyMEFnRbpcdFS6PBcLqew==}
    engines: {node: '>=12'}

  magic-bytes.js@1.13.0:
    resolution: {integrity: sha512-afO2mnxW7GDTXMm5/AoN1WuOcdoKhtgXjIvHmobqTD1grNplhGdv3PFOyjCVmrnOZBIT/gD/koDKpYG+0mvHcg==}

  minimatch@10.2.4:
    resolution: {integrity: sha512-oRjTw/97aTBN0RHbYCdtF1MQfvusSIBQM0IZEgzl6426+8jSC0nF1a/GmnVLpfB9yyr6g6FTqWqiZVbxrtaCIg==}
    engines: {node: 18 || 20 || >=22}

  minipass@7.1.3:
    resolution: {integrity: sha512-tEBHqDnIoM/1rXME1zgka9g6Q2lcoCkxHLuc7ODJ5BxbP5d4c2Z5cGgtXAku59200Cx7diuHTOYfSBD8n6mm8A==}
    engines: {node: '>=16 || 14 >=14.17'}

  ms@2.1.3:
    resolution: {integrity: sha512-6FlzubTLZG3J2a/NVCAleEhjzq5oxgHyaCU9yYXvcLsvoVaHJq/s5xXI6/XXP6tz7R9xAOtHnSO/tXtF3WRTlA==}

  msgpackr-extract@3.0.3:
    resolution: {integrity: sha512-P0efT1C9jIdVRefqjzOQ9Xml57zpOXnIuS+csaB4MdZbTdmGDLo8XhzBG1N7aO11gKDDkJvBLULeFTo46wwreA==}
    hasBin: true

  msgpackr@1.11.5:
    resolution: {integrity: sha512-UjkUHN0yqp9RWKy0Lplhh+wlpdt9oQBYgULZOiFhV3VclSF1JnSQWZ5r9gORQlNYaUKQoR8itv7g7z1xDDuACA==}

  nanoid@3.3.11:
    resolution: {integrity: sha512-N8SpfPUnUp1bK+PMYW8qSWdl9U+wwNWI4QKxOYDy9JAro3WMX7p2OeVRF9v+347pnakNevPmiHhNmZ2HbFA76w==}
    engines: {node: ^10 || ^12 || ^13.7 || ^14 || >=15.0.1}
    hasBin: true

  next-auth@4.24.13:
    resolution: {integrity: sha512-sgObCfcfL7BzIK76SS5TnQtc3yo2Oifp/yIpfv6fMfeBOiBJkDWF3A2y9+yqnmJ4JKc2C+nMjSjmgDeTwgN1rQ==}
    peerDependencies:
      '@auth/core': 0.34.3
      next: ^12.2.5 || ^13 || ^14 || ^15 || ^16
      nodemailer: ^7.0.7
      react: ^17.0.2 || ^18 || ^19
      react-dom: ^17.0.2 || ^18 || ^19
    peerDependenciesMeta:
      '@auth/core':
        optional: true
      nodemailer:
        optional: true

  next@14.2.13:
    resolution: {integrity: sha512-BseY9YNw8QJSwLYD7hlZzl6QVDoSFHL/URN5K64kVEVpCsSOWeyjbIGK+dZUaRViHTaMQX8aqmnn0PHBbGZezg==}
    engines: {node: '>=18.17.0'}
    deprecated: This version has a security vulnerability. Please upgrade to a patched version. See https://nextjs.org/blog/security-update-2025-12-11 for more details.
    hasBin: true
    peerDependencies:
      '@opentelemetry/api': ^1.1.0
      '@playwright/test': ^1.41.2
      react: ^18.2.0
      react-dom: ^18.2.0
      sass: ^1.3.0
    peerDependenciesMeta:
      '@opentelemetry/api':
        optional: true
      '@playwright/test':
        optional: true
      sass:
        optional: true

  node-abort-controller@3.1.1:
    resolution: {integrity: sha512-AGK2yQKIjRuqnc6VkX2Xj5d+QW8xZ87pa1UK6yA6ouUyuxfHuMP6umE5QK7UmTeOAymo+Zx1Fxiuw9rVx8taHQ==}

  node-gyp-build-optional-packages@5.2.2:
    resolution: {integrity: sha512-s+w+rBWnpTMwSFbaE0UXsRlg7hU4FjekKU4eyAih5T8nJuNZT1nNsskXpxmeqSK9UzkBl6UgRlnKc8hz8IEqOw==}
    hasBin: true

  oauth@0.9.15:
    resolution: {integrity: sha512-a5ERWK1kh38ExDEfoO6qUHJb32rd7aYmPHuyCu3Fta/cnICvYmgd2uhuKXvPD+PXB+gCEYYEaQdIRAjCOwAKNA==}

  object-hash@2.2.0:
    resolution: {integrity: sha512-gScRMn0bS5fH+IuwyIFgnh9zBdo4DV+6GhygmWM9HyNJSgS0hScp1f5vjtm7oIIOiT9trXrShAkLFSc2IqKNgw==}
    engines: {node: '>= 6'}

  oidc-token-hash@5.2.0:
    resolution: {integrity: sha512-6gj2m8cJZ+iSW8bm0FXdGF0YhIQbKrfP4yWTNzxc31U6MOjfEmB1rHvlYvxI1B7t7BCi1F2vYTT6YhtQRG4hxw==}
    engines: {node: ^10.13.0 || >=12.0.0}

  openid-client@5.7.1:
    resolution: {integrity: sha512-jDBPgSVfTnkIh71Hg9pRvtJc6wTwqjRkN88+gCFtYWrlP4Yx2Dsrow8uPi3qLr/aeymPF3o2+dS+wOpglK04ew==}

  package-json-from-dist@1.0.1:
    resolution: {integrity: sha512-UEZIS3/by4OC8vL3P2dTXRETpebLI2NiI5vIrjaD/5UtrkFX/tNbwjTSRAGC/+7CAo2pIcBaRgWmcBBHcsaCIw==}

  path-scurry@2.0.2:
    resolution: {integrity: sha512-3O/iVVsJAPsOnpwWIeD+d6z/7PmqApyQePUtCndjatj/9I5LylHvt5qluFaBT3I5h3r1ejfR056c+FCv+NnNXg==}
    engines: {node: 18 || 20 || >=22}

  picocolors@1.1.1:
    resolution: {integrity: sha512-xceH2snhtb5M9liqDsmEw56le376mTZkEX/jEb/RxNFyegNul7eNslCXP9FDj/Lcu0X8KEyMceP2ntpaHrDEVA==}

  postcss@8.4.31:
    resolution: {integrity: sha512-PS08Iboia9mts/2ygV3eLpY5ghnUcfLV/EXTOW1E2qYxJKGGBUtNjN76FYHnMs36RmARn41bC0AZmn+rR0OVpQ==}
    engines: {node: ^10 || ^12 || >=14}

  preact-render-to-string@5.2.6:
    resolution: {integrity: sha512-JyhErpYOvBV1hEPwIxc/fHWXPfnEGdRKxc8gFdAZ7XV4tlzyzG847XAyEZqoDnynP88akM4eaHcSOzNcLWFguw==}
    peerDependencies:
      preact: '>=10'

  preact@10.24.3:
    resolution: {integrity: sha512-Z2dPnBnMUfyQfSQ+GBdsGa16hz35YmLmtTLhM169uW944hYL6xzTYkJjC07j+Wosz733pMWx0fgON3JNw1jJQA==}

  pretty-format@3.8.0:
    resolution: {integrity: sha512-WuxUnVtlWL1OfZFQFuqvnvs6MiAGk9UNsBostyBOB0Is9wb5uRESevA6rnl/rkksXaGX3GzZhPup5d6Vp1nFew==}

  prisma@5.22.0:
    resolution: {integrity: sha512-vtpjW3XuYCSnMsNVBjLMNkTj6OZbudcPPTPYHqX0CJfpcdWciI1dM8uHETwmDxxiqEwCIE6WvXucWUetJgfu/A==}
    engines: {node: '>=16.13'}
    hasBin: true

  react-dom@18.3.1:
    resolution: {integrity: sha512-5m4nQKp+rZRb09LNH59GM4BxTh9251/ylbKIbpe7TpGxfJ+9kv6BLkLBXIjjspbgbnIBNqlI23tRnTWT0snUIw==}
    peerDependencies:
      react: ^18.3.1

  react@18.3.1:
    resolution: {integrity: sha512-wS+hAgJShR0KhEvPJArfuPVN1+Hz1t0Y6n5jLrGQbkb4urgPE/0Rve+1kMB1v/oWgHgm4WIcV+i7F2pTVj+2iQ==}
    engines: {node: '>=0.10.0'}

  redis-errors@1.2.0:
    resolution: {integrity: sha512-1qny3OExCf0UvUV/5wpYKf2YwPcOqXzkwKKSmKHiE6ZMQs5heeE/c8eXK+PNllPvmjgAbfnsbpkGZWy8cBpn9w==}
    engines: {node: '>=4'}

  redis-parser@3.0.0:
    resolution: {integrity: sha512-DJnGAeenTdpMEH6uAJRK/uiyEIH9WVsUmoLwzudwGJUwZPp80PDBWPHXSAGNPwNvIXAbe7MSUB1zQFugFml66A==}
    engines: {node: '>=4'}

  resolve-pkg-maps@1.0.0:
    resolution: {integrity: sha512-seS2Tj26TBVOC2NIc2rOe2y2ZO7efxITtLZcGSOnHHNOQ7CkiUBfw0Iw2ck6xkIhPwLhKNLS8BO+hEpngQlqzw==}

  rimraf@6.1.3:
    resolution: {integrity: sha512-LKg+Cr2ZF61fkcaK1UdkH2yEBBKnYjTyWzTJT6KNPcSPaiT7HSdhtMXQuN5wkTX0Xu72KQ1l8S42rlmexS2hSA==}
    engines: {node: 20 || >=22}
    hasBin: true

  scheduler@0.23.2:
    resolution: {integrity: sha512-UOShsPwz7NrMUqhR6t0hWjFduvOzbtv7toDH1/hIrfRNIDBnnBWd0CwJTGvTpngVlmwGCdP9/Zl/tVrDqcuYzQ==}

  semver@7.7.4:
    resolution: {integrity: sha512-vFKC2IEtQnVhpT78h1Yp8wzwrf8CM+MzKMHGJZfBtzhZNycRFnXsHk6E5TxIkkMsgNS7mdX3AGB7x2QM2di4lA==}
    engines: {node: '>=10'}
    hasBin: true

  shoukaku@4.3.0:
    resolution: {integrity: sha512-jMEqVKvquGEqysnOL7a1hmnOAEJO47kTLoS7cGJLbIya3olSlFkMq7jbrrENijnx8fujXvMgUmQqwEdQk/Rkug==}
    engines: {node: '>=18.0.0', npm: '>=7.0.0'}

  source-map-js@1.2.1:
    resolution: {integrity: sha512-UXWMKhLOwVKb728IUtQPXxfYU+usdybtUrK/8uGE8CQMvrhOpwvzDBwj0QhSL7MQc7vIsISBG8VQ8+IDQxpfQA==}
    engines: {node: '>=0.10.0'}

  standard-as-callback@2.1.0:
    resolution: {integrity: sha512-qoRRSyROncaz1z0mvYqIE4lCd9p2R90i6GxW3uZv5ucSu8tU7B5HXUP1gG8pVZsYNVaXjk8ClXHPttLyxAL48A==}

  streamsearch@1.1.0:
    resolution: {integrity: sha512-Mcc5wHehp9aXz1ax6bZUyY5afg9u2rv5cqQI3mRrYkGC8rW2hM02jWuwjtL++LS5qinSyhj2QfLyNsuc+VsExg==}
    engines: {node: '>=10.0.0'}

  styled-jsx@5.1.1:
    resolution: {integrity: sha512-pW7uC1l4mBZ8ugbiZrcIsiIvVx1UmTfw7UkC3Um2tmfUq9Bhk8IiyEIPl6F8agHgjzku6j0xQEZbfA5uSgSaCw==}
    engines: {node: '>= 12.0.0'}
    peerDependencies:
      '@babel/core': '*'
      babel-plugin-macros: '*'
      react: '>= 16.8.0 || 17.x.x || ^18.0.0-0'
    peerDependenciesMeta:
      '@babel/core':
        optional: true
      babel-plugin-macros:
        optional: true

  ts-mixer@6.0.4:
    resolution: {integrity: sha512-ufKpbmrugz5Aou4wcr5Wc1UUFWOLhq+Fm6qa6P0w0K5Qw2yhaUoiWszhCVuNQyNwrlGiscHOmqYoAox1PtvgjA==}

  tslib@2.8.1:
    resolution: {integrity: sha512-oJFu94HQb+KVduSUQL7wnpmqnfmLsOA/nAh6b6EH0wCEoK0/mPeXU6c3wKDV83MkOuHPRHtSXKKU99IBazS/2w==}

  tsx@4.21.0:
    resolution: {integrity: sha512-5C1sg4USs1lfG0GFb2RLXsdpXqBSEhAaA/0kPL01wxzpMqLILNxIxIOKiILz+cdg/pLnOUxFYOR5yhHU666wbw==}
    engines: {node: '>=18.0.0'}
    hasBin: true

  turbo@2.8.20:
    resolution: {integrity: sha512-Rb4qk5YT8RUwwdXtkLpkVhNEe/lor6+WV7S5tTlLpxSz6MjV5Qi8jGNn4gS6NAvrYGA/rNrE6YUQM85sCZUDbQ==}
    hasBin: true

  typescript@5.9.3:
    resolution: {integrity: sha512-jl1vZzPDinLr9eUt3J/t7V6FgNEw9QjvBPdysz9KfQDD41fQrC2Y4vKQdiaUpFT4bXlb1RHhLpp8wtm6M5TgSw==}
    engines: {node: '>=14.17'}
    hasBin: true

  undici-types@6.21.0:
    resolution: {integrity: sha512-iwDZqg0QAGrg9Rav5H4n0M64c3mkR59cJ6wQp+7C4nI0gsmExaedaYLNO44eT4AtBBwjbTiGPMlt2Md0T9H9JQ==}

  undici@6.21.3:
    resolution: {integrity: sha512-gBLkYIlEnSp8pFbT64yFgGE6UIB9tAkhukC23PmMDCe5Nd+cRqKxSjw5y54MK2AZMgZfJWMaNE4nYUHgi1XEOw==}
    engines: {node: '>=18.17'}

  undici@6.24.1:
    resolution: {integrity: sha512-sC+b0tB1whOCzbtlx20fx3WgCXwkW627p4EA9uM+/tNNPkSS+eSEld6pAs9nDv7WbY1UUljBMYPtu9BCOrCWKA==}
    engines: {node: '>=18.17'}

  uuid@11.1.0:
    resolution: {integrity: sha512-0/A9rDy9P7cJ+8w1c9WD9V//9Wj15Ce2MPz8Ri6032usz+NfePxx5AcN3bN+r6ZL6jEo066/yNYB3tn4pQEx+A==}
    hasBin: true

  uuid@8.3.2:
    resolution: {integrity: sha512-+NYs2QeMWy+GWFOEm9xnn6HCDp0l7QBD7ml8zLUmJ+93Q5NF0NocErnwkTkXVFNiX3/fpC6afS8Dhb/gz7R7eg==}
    hasBin: true

  ws@8.20.0:
    resolution: {integrity: sha512-sAt8BhgNbzCtgGbt2OxmpuryO63ZoDk/sqaB/znQm94T4fCEsy/yV+7CdC1kJhOU9lboAEU7R3kquuycDoibVA==}
    engines: {node: '>=10.0.0'}
    peerDependencies:
      bufferutil: ^4.0.1
      utf-8-validate: '>=5.0.2'
    peerDependenciesMeta:
      bufferutil:
        optional: true
      utf-8-validate:
        optional: true

  yallist@4.0.0:
    resolution: {integrity: sha512-3wdGidZyq5PB084XLES5TpOSRA3wjXAlIWMhum2kRcv/41Sn2emQ0dycQW4uZXLejwKvg6EsvbdlVL+FYEct7A==}

snapshots:

  '@babel/runtime@7.29.2': {}

  '@discordjs/builders@1.14.0':
    dependencies:
      '@discordjs/formatters': 0.6.2
      '@discordjs/util': 1.2.0
      '@sapphire/shapeshift': 4.0.0
      discord-api-types: 0.38.42
      fast-deep-equal: 3.1.3
      ts-mixer: 6.0.4
      tslib: 2.8.1

  '@discordjs/collection@1.5.3': {}

  '@discordjs/collection@2.1.1': {}

  '@discordjs/formatters@0.6.2':
    dependencies:
      discord-api-types: 0.38.42

  '@discordjs/rest@2.6.1':
    dependencies:
      '@discordjs/collection': 2.1.1
      '@discordjs/util': 1.2.0
      '@sapphire/async-queue': 1.5.5
      '@sapphire/snowflake': 3.5.5
      '@vladfrangu/async_event_emitter': 2.4.7
      discord-api-types: 0.38.42
      magic-bytes.js: 1.13.0
      tslib: 2.8.1
      undici: 6.24.1

  '@discordjs/util@1.2.0':
    dependencies:
      discord-api-types: 0.38.42

  '@discordjs/ws@1.2.3':
    dependencies:
      '@discordjs/collection': 2.1.1
      '@discordjs/rest': 2.6.1
      '@discordjs/util': 1.2.0
      '@sapphire/async-queue': 1.5.5
      '@types/ws': 8.18.1
      '@vladfrangu/async_event_emitter': 2.4.7
      discord-api-types: 0.38.42
      tslib: 2.8.1
      ws: 8.20.0
    transitivePeerDependencies:
      - bufferutil
      - utf-8-validate

  '@esbuild/aix-ppc64@0.27.4':
    optional: true

  '@esbuild/android-arm64@0.27.4':
    optional: true

  '@esbuild/android-arm@0.27.4':
    optional: true

  '@esbuild/android-x64@0.27.4':
    optional: true

  '@esbuild/darwin-arm64@0.27.4':
    optional: true

  '@esbuild/darwin-x64@0.27.4':
    optional: true

  '@esbuild/freebsd-arm64@0.27.4':
    optional: true

  '@esbuild/freebsd-x64@0.27.4':
    optional: true

  '@esbuild/linux-arm64@0.27.4':
    optional: true

  '@esbuild/linux-arm@0.27.4':
    optional: true

  '@esbuild/linux-ia32@0.27.4':
    optional: true

  '@esbuild/linux-loong64@0.27.4':
    optional: true

  '@esbuild/linux-mips64el@0.27.4':
    optional: true

  '@esbuild/linux-ppc64@0.27.4':
    optional: true

  '@esbuild/linux-riscv64@0.27.4':
    optional: true

  '@esbuild/linux-s390x@0.27.4':
    optional: true

  '@esbuild/linux-x64@0.27.4':
    optional: true

  '@esbuild/netbsd-arm64@0.27.4':
    optional: true

  '@esbuild/netbsd-x64@0.27.4':
    optional: true

  '@esbuild/openbsd-arm64@0.27.4':
    optional: true

  '@esbuild/openbsd-x64@0.27.4':
    optional: true

  '@esbuild/openharmony-arm64@0.27.4':
    optional: true

  '@esbuild/sunos-x64@0.27.4':
    optional: true

  '@esbuild/win32-arm64@0.27.4':
    optional: true

  '@esbuild/win32-ia32@0.27.4':
    optional: true

  '@esbuild/win32-x64@0.27.4':
    optional: true

  '@ioredis/commands@1.5.1': {}

  '@msgpackr-extract/msgpackr-extract-darwin-arm64@3.0.3':
    optional: true

  '@msgpackr-extract/msgpackr-extract-darwin-x64@3.0.3':
    optional: true

  '@msgpackr-extract/msgpackr-extract-linux-arm64@3.0.3':
    optional: true

  '@msgpackr-extract/msgpackr-extract-linux-arm@3.0.3':
    optional: true

  '@msgpackr-extract/msgpackr-extract-linux-x64@3.0.3':
    optional: true

  '@msgpackr-extract/msgpackr-extract-win32-x64@3.0.3':
    optional: true

  '@next-auth/prisma-adapter@1.0.7(@prisma/client@5.22.0(prisma@5.22.0))(next-auth@4.24.13(next@14.2.13(react-dom@18.3.1(react@18.3.1))(react@18.3.1))(react-dom@18.3.1(react@18.3.1))(react@18.3.1))':
    dependencies:
      '@prisma/client': 5.22.0(prisma@5.22.0)
      next-auth: 4.24.13(next@14.2.13(react-dom@18.3.1(react@18.3.1))(react@18.3.1))(react-dom@18.3.1(react@18.3.1))(react@18.3.1)

  '@next/env@14.2.13': {}

  '@next/swc-darwin-arm64@14.2.13':
    optional: true

  '@next/swc-darwin-x64@14.2.13':
    optional: true

  '@next/swc-linux-arm64-gnu@14.2.13':
    optional: true

  '@next/swc-linux-arm64-musl@14.2.13':
    optional: true

  '@next/swc-linux-x64-gnu@14.2.13':
    optional: true

  '@next/swc-linux-x64-musl@14.2.13':
    optional: true

  '@next/swc-win32-arm64-msvc@14.2.13':
    optional: true

  '@next/swc-win32-ia32-msvc@14.2.13':
    optional: true

  '@next/swc-win32-x64-msvc@14.2.13':
    optional: true

  '@panva/hkdf@1.2.1': {}

  '@prisma/client@5.22.0(prisma@5.22.0)':
    optionalDependencies:
      prisma: 5.22.0

  '@prisma/debug@5.22.0': {}

  '@prisma/engines-version@5.22.0-44.605197351a3c8bdd595af2d2a9bc3025bca48ea2': {}

  '@prisma/engines@5.22.0':
    dependencies:
      '@prisma/debug': 5.22.0
      '@prisma/engines-version': 5.22.0-44.605197351a3c8bdd595af2d2a9bc3025bca48ea2
      '@prisma/fetch-engine': 5.22.0
      '@prisma/get-platform': 5.22.0

  '@prisma/fetch-engine@5.22.0':
    dependencies:
      '@prisma/debug': 5.22.0
      '@prisma/engines-version': 5.22.0-44.605197351a3c8bdd595af2d2a9bc3025bca48ea2
      '@prisma/get-platform': 5.22.0

  '@prisma/get-platform@5.22.0':
    dependencies:
      '@prisma/debug': 5.22.0

  '@sapphire/async-queue@1.5.5': {}

  '@sapphire/shapeshift@4.0.0':
    dependencies:
      fast-deep-equal: 3.1.3
      lodash: 4.17.23

  '@sapphire/snowflake@3.5.3': {}

  '@sapphire/snowflake@3.5.5': {}

  '@swc/counter@0.1.3': {}

  '@swc/helpers@0.5.5':
    dependencies:
      '@swc/counter': 0.1.3
      tslib: 2.8.1

  '@turbo/darwin-64@2.8.20':
    optional: true

  '@turbo/darwin-arm64@2.8.20':
    optional: true

  '@turbo/linux-64@2.8.20':
    optional: true

  '@turbo/linux-arm64@2.8.20':
    optional: true

  '@turbo/windows-64@2.8.20':
    optional: true

  '@turbo/windows-arm64@2.8.20':
    optional: true

  '@types/node@22.19.15':
    dependencies:
      undici-types: 6.21.0

  '@types/prop-types@15.7.15': {}

  '@types/react-dom@18.3.7(@types/react@18.3.28)':
    dependencies:
      '@types/react': 18.3.28

  '@types/react@18.3.28':
    dependencies:
      '@types/prop-types': 15.7.15
      csstype: 3.2.3

  '@types/ws@8.18.1':
    dependencies:
      '@types/node': 22.19.15

  '@vladfrangu/async_event_emitter@2.4.7': {}

  balanced-match@4.0.4: {}

  brace-expansion@5.0.5:
    dependencies:
      balanced-match: 4.0.4

  bullmq@5.71.1:
    dependencies:
      cron-parser: 4.9.0
      ioredis: 5.10.1
      msgpackr: 1.11.5
      node-abort-controller: 3.1.1
      semver: 7.7.4
      tslib: 2.8.1
      uuid: 11.1.0
    transitivePeerDependencies:
      - supports-color

  busboy@1.6.0:
    dependencies:
      streamsearch: 1.1.0

  caniuse-lite@1.0.30001781: {}

  client-only@0.0.1: {}

  cluster-key-slot@1.1.2: {}

  cookie@0.7.2: {}

  cron-parser@4.9.0:
    dependencies:
      luxon: 3.7.2

  csstype@3.2.3: {}

  debug@4.4.3:
    dependencies:
      ms: 2.1.3

  denque@2.1.0: {}

  detect-libc@2.1.2:
    optional: true

  discord-api-types@0.38.42: {}

  discord.js@14.25.1:
    dependencies:
      '@discordjs/builders': 1.14.0
      '@discordjs/collection': 1.5.3
      '@discordjs/formatters': 0.6.2
      '@discordjs/rest': 2.6.1
      '@discordjs/util': 1.2.0
      '@discordjs/ws': 1.2.3
      '@sapphire/snowflake': 3.5.3
      discord-api-types: 0.38.42
      fast-deep-equal: 3.1.3
      lodash.snakecase: 4.1.1
      magic-bytes.js: 1.13.0
      tslib: 2.8.1
      undici: 6.21.3
    transitivePeerDependencies:
      - bufferutil
      - utf-8-validate

  esbuild@0.27.4:
    optionalDependencies:
      '@esbuild/aix-ppc64': 0.27.4
      '@esbuild/android-arm': 0.27.4
      '@esbuild/android-arm64': 0.27.4
      '@esbuild/android-x64': 0.27.4
      '@esbuild/darwin-arm64': 0.27.4
      '@esbuild/darwin-x64': 0.27.4
      '@esbuild/freebsd-arm64': 0.27.4
      '@esbuild/freebsd-x64': 0.27.4
      '@esbuild/linux-arm': 0.27.4
      '@esbuild/linux-arm64': 0.27.4
      '@esbuild/linux-ia32': 0.27.4
      '@esbuild/linux-loong64': 0.27.4
      '@esbuild/linux-mips64el': 0.27.4
      '@esbuild/linux-ppc64': 0.27.4
      '@esbuild/linux-riscv64': 0.27.4
      '@esbuild/linux-s390x': 0.27.4
      '@esbuild/linux-x64': 0.27.4
      '@esbuild/netbsd-arm64': 0.27.4
      '@esbuild/netbsd-x64': 0.27.4
      '@esbuild/openbsd-arm64': 0.27.4
      '@esbuild/openbsd-x64': 0.27.4
      '@esbuild/openharmony-arm64': 0.27.4
      '@esbuild/sunos-x64': 0.27.4
      '@esbuild/win32-arm64': 0.27.4
      '@esbuild/win32-ia32': 0.27.4
      '@esbuild/win32-x64': 0.27.4

  fast-deep-equal@3.1.3: {}

  fsevents@2.3.3:
    optional: true

  get-tsconfig@4.13.7:
    dependencies:
      resolve-pkg-maps: 1.0.0

  glob@13.0.6:
    dependencies:
      minimatch: 10.2.4
      minipass: 7.1.3
      path-scurry: 2.0.2

  graceful-fs@4.2.11: {}

  ioredis@5.10.1:
    dependencies:
      '@ioredis/commands': 1.5.1
      cluster-key-slot: 1.1.2
      debug: 4.4.3
      denque: 2.1.0
      lodash.defaults: 4.2.0
      lodash.isarguments: 3.1.0
      redis-errors: 1.2.0
      redis-parser: 3.0.0
      standard-as-callback: 2.1.0
    transitivePeerDependencies:
      - supports-color

  jose@4.15.9: {}

  js-tokens@4.0.0: {}

  lodash.defaults@4.2.0: {}

  lodash.isarguments@3.1.0: {}

  lodash.snakecase@4.1.1: {}

  lodash@4.17.23: {}

  loose-envify@1.4.0:
    dependencies:
      js-tokens: 4.0.0

  lru-cache@11.2.7: {}

  lru-cache@6.0.0:
    dependencies:
      yallist: 4.0.0

  luxon@3.7.2: {}

  magic-bytes.js@1.13.0: {}

  minimatch@10.2.4:
    dependencies:
      brace-expansion: 5.0.5

  minipass@7.1.3: {}

  ms@2.1.3: {}

  msgpackr-extract@3.0.3:
    dependencies:
      node-gyp-build-optional-packages: 5.2.2
    optionalDependencies:
      '@msgpackr-extract/msgpackr-extract-darwin-arm64': 3.0.3
      '@msgpackr-extract/msgpackr-extract-darwin-x64': 3.0.3
      '@msgpackr-extract/msgpackr-extract-linux-arm': 3.0.3
      '@msgpackr-extract/msgpackr-extract-linux-arm64': 3.0.3
      '@msgpackr-extract/msgpackr-extract-linux-x64': 3.0.3
      '@msgpackr-extract/msgpackr-extract-win32-x64': 3.0.3
    optional: true

  msgpackr@1.11.5:
    optionalDependencies:
      msgpackr-extract: 3.0.3

  nanoid@3.3.11: {}

  next-auth@4.24.13(next@14.2.13(react-dom@18.3.1(react@18.3.1))(react@18.3.1))(react-dom@18.3.1(react@18.3.1))(react@18.3.1):
    dependencies:
      '@babel/runtime': 7.29.2
      '@panva/hkdf': 1.2.1
      cookie: 0.7.2
      jose: 4.15.9
      next: 14.2.13(react-dom@18.3.1(react@18.3.1))(react@18.3.1)
      oauth: 0.9.15
      openid-client: 5.7.1
      preact: 10.24.3
      preact-render-to-string: 5.2.6(preact@10.24.3)
      react: 18.3.1
      react-dom: 18.3.1(react@18.3.1)
      uuid: 8.3.2

  next@14.2.13(react-dom@18.3.1(react@18.3.1))(react@18.3.1):
    dependencies:
      '@next/env': 14.2.13
      '@swc/helpers': 0.5.5
      busboy: 1.6.0
      caniuse-lite: 1.0.30001781
      graceful-fs: 4.2.11
      postcss: 8.4.31
      react: 18.3.1
      react-dom: 18.3.1(react@18.3.1)
      styled-jsx: 5.1.1(react@18.3.1)
    optionalDependencies:
      '@next/swc-darwin-arm64': 14.2.13
      '@next/swc-darwin-x64': 14.2.13
      '@next/swc-linux-arm64-gnu': 14.2.13
      '@next/swc-linux-arm64-musl': 14.2.13
      '@next/swc-linux-x64-gnu': 14.2.13
      '@next/swc-linux-x64-musl': 14.2.13
      '@next/swc-win32-arm64-msvc': 14.2.13
      '@next/swc-win32-ia32-msvc': 14.2.13
      '@next/swc-win32-x64-msvc': 14.2.13
    transitivePeerDependencies:
      - '@babel/core'
      - babel-plugin-macros

  node-abort-controller@3.1.1: {}

  node-gyp-build-optional-packages@5.2.2:
    dependencies:
      detect-libc: 2.1.2
    optional: true

  oauth@0.9.15: {}

  object-hash@2.2.0: {}

  oidc-token-hash@5.2.0: {}

  openid-client@5.7.1:
    dependencies:
      jose: 4.15.9
      lru-cache: 6.0.0
      object-hash: 2.2.0
      oidc-token-hash: 5.2.0

  package-json-from-dist@1.0.1: {}

  path-scurry@2.0.2:
    dependencies:
      lru-cache: 11.2.7
      minipass: 7.1.3

  picocolors@1.1.1: {}

  postcss@8.4.31:
    dependencies:
      nanoid: 3.3.11
      picocolors: 1.1.1
      source-map-js: 1.2.1

  preact-render-to-string@5.2.6(preact@10.24.3):
    dependencies:
      preact: 10.24.3
      pretty-format: 3.8.0

  preact@10.24.3: {}

  pretty-format@3.8.0: {}

  prisma@5.22.0:
    dependencies:
      '@prisma/engines': 5.22.0
    optionalDependencies:
      fsevents: 2.3.3

  react-dom@18.3.1(react@18.3.1):
    dependencies:
      loose-envify: 1.4.0
      react: 18.3.1
      scheduler: 0.23.2

  react@18.3.1:
    dependencies:
      loose-envify: 1.4.0

  redis-errors@1.2.0: {}

  redis-parser@3.0.0:
    dependencies:
      redis-errors: 1.2.0

  resolve-pkg-maps@1.0.0: {}

  rimraf@6.1.3:
    dependencies:
      glob: 13.0.6
      package-json-from-dist: 1.0.1

  scheduler@0.23.2:
    dependencies:
      loose-envify: 1.4.0

  semver@7.7.4: {}

  shoukaku@4.3.0:
    dependencies:
      ws: 8.20.0
    transitivePeerDependencies:
      - bufferutil
      - utf-8-validate

  source-map-js@1.2.1: {}

  standard-as-callback@2.1.0: {}

  streamsearch@1.1.0: {}

  styled-jsx@5.1.1(react@18.3.1):
    dependencies:
      client-only: 0.0.1
      react: 18.3.1

  ts-mixer@6.0.4: {}

  tslib@2.8.1: {}

  tsx@4.21.0:
    dependencies:
      esbuild: 0.27.4
      get-tsconfig: 4.13.7
    optionalDependencies:
      fsevents: 2.3.3

  turbo@2.8.20:
    optionalDependencies:
      '@turbo/darwin-64': 2.8.20
      '@turbo/darwin-arm64': 2.8.20
      '@turbo/linux-64': 2.8.20
      '@turbo/linux-arm64': 2.8.20
      '@turbo/windows-64': 2.8.20
      '@turbo/windows-arm64': 2.8.20

  typescript@5.9.3: {}

  undici-types@6.21.0: {}

  undici@6.21.3: {}

  undici@6.24.1: {}

  uuid@11.1.0: {}

  uuid@8.3.2: {}

  ws@8.20.0: {}

  yallist@4.0.0: {}
